
Microsoft Visual Studio Solution File, Format Version 12.00
# Visual Studio Version 17
VisualStudioVersion = 17.8.34408.163
MinimumVisualStudioVersion = 10.0.40219.1
Project("{9A19103F-16F7-4668-BE54-9A1E7A4F7556}") = "TpApi.Api", "TpApi.Api\TpApi.Api.csproj", "{DFF5A4F0-DDB5-4B72-B13C-2A62694C8B7F}"
EndProject
Project("{9A19103F-16F7-4668-BE54-9A1E7A4F7556}") = "TpApi.Business", "TpApi.Business\TpApi.Business.csproj", "{32137392-944F-4324-A763-84EB99066D16}"
EndProject
Project("{9A19103F-16F7-4668-BE54-9A1E7A4F7556}") = "TpApi.Business.Contracts", "TpApi.Business.Contracts\TpApi.Business.Contracts.csproj", "{96F41DC3-E8B6-4983-9CED-0CA8D51773E3}"
EndProject
Project("{9A19103F-16F7-4668-BE54-9A1E7A4F7556}") = "TpApi.Repository", "TpApi.Repository\TpApi.Repository.csproj", "{28C3B1C9-2605-453B-BF0F-45037D745071}"
EndProject
Project("{9A19103F-16F7-4668-BE54-9A1E7A4F7556}") = "TpApi.Repository.Contracts", "TpApi.Repository.Contracts\TpApi.Repository.Contracts.csproj", "{FA7B8241-D6B4-4E23-9C39-438DA47425AF}"
EndProject
Project("{9A19103F-16F7-4668-BE54-9A1E7A4F7556}") = "TpApi.Entities", "TpApi.Entities\TpApi.Entities.csproj", "{AD6D3DF6-64D7-40F6-8F89-181129D684F5}"
EndProject
Project("{2150E333-8FDC-42A3-9474-1A3956D46DE8}") = "src", "src", "{98B26FFF-5B79-40E1-916D-391470E2D088}"
EndProject
Project("{2150E333-8FDC-42A3-9474-1A3956D46DE8}") = "tests", "tests", "{C4685F11-0F95-472F-9D65-F1259059D3BB}"
EndProject
Project("{9A19103F-16F7-4668-BE54-9A1E7A4F7556}") = "TpApi.Tests.Units.Repositoy", "TpApi.Tests.Units.Repositoy\TpApi.Tests.Units.Repositoy.csproj", "{6FCD9BE9-B09A-4A4C-A925-FE8CCAC49567}"
EndProject
Project("{FAE04EC0-301F-11D3-BF4B-00C04F79EFBC}") = "TpApi.Tests.Units.Business", "TpApi.Tests.Units.Business\TpApi.Tests.Units.Business.csproj", "{D0A074F3-02DC-448F-9144-B21ACE21F933}"
EndProject
Global
	GlobalSection(SolutionConfigurationPlatforms) = preSolution
		Debug|Any CPU = Debug|Any CPU
		Release|Any CPU = Release|Any CPU
	EndGlobalSection
	GlobalSection(ProjectConfigurationPlatforms) = postSolution
		{DFF5A4F0-DDB5-4B72-B13C-2A62694C8B7F}.Debug|Any CPU.ActiveCfg = Debug|Any CPU
		{DFF5A4F0-DDB5-4B72-B13C-2A62694C8B7F}.Debug|Any CPU.Build.0 = Debug|Any CPU
		{DFF5A4F0-DDB5-4B72-B13C-2A62694C8B7F}.Release|Any CPU.ActiveCfg = Release|Any CPU
		{DFF5A4F0-DDB5-4B72-B13C-2A62694C8B7F}.Release|Any CPU.Build.0 = Release|Any CPU
		{32137392-944F-4324-A763-84EB99066D16}.Debug|Any CPU.ActiveCfg = Debug|Any CPU
		{32137392-944F-4324-A763-84EB99066D16}.Debug|Any CPU.Build.0 = Debug|Any CPU
		{32137392-944F-4324-A763-84EB99066D16}.Release|Any CPU.ActiveCfg = Release|Any CPU
		{32137392-944F-4324-A763-84EB99066D16}.Release|Any CPU.Build.0 = Release|Any CPU
		{96F41DC3-E8B6-4983-9CED-0CA8D51773E3}.Debug|Any CPU.ActiveCfg = Debug|Any CPU
		{96F41DC3-E8B6-4983-9CED-0CA8D51773E3}.Debug|Any CPU.Build.0 = Debug|Any CPU
		{96F41DC3-E8B6-4983-9CED-0CA8D51773E3}.Release|Any CPU.ActiveCfg = Release|Any CPU
		{96F41DC3-E8B6-4983-9CED-0CA8D51773E3}.Release|Any CPU.Build.0 = Release|Any CPU
		{28C3B1C9-2605-453B-BF0F-45037D745071}.Debug|Any CPU.ActiveCfg = Debug|Any CPU
		{28C3B1C9-2605-453B-BF0F-45037D745071}.Debug|Any CPU.Build.0 = Debug|Any CPU
		{28C3B1C9-2605-453B-BF0F-45037D745071}.Release|Any CPU.ActiveCfg = Release|Any CPU
		{28C3B1C9-2605-453B-BF0F-45037D745071}.Release|Any CPU.Build.0 = Release|Any CPU
		{FA7B8241-D6B4-4E23-9C39-438DA47425AF}.Debug|Any CPU.ActiveCfg = Debug|Any CPU
		{FA7B8241-D6B4-4E23-9C39-438DA47425AF}.Debug|Any CPU.Build.0 = Debug|Any CPU
		{FA7B8241-D6B4-4E23-9C39-438DA47425AF}.Release|Any CPU.ActiveCfg = Release|Any CPU
		{FA7B8241-D6B4-4E23-9C39-438DA47425AF}.Release|Any CPU.Build.0 = Release|Any CPU
		{AD6D3DF6-64D7-40F6-8F89-181129D684F5}.Debug|Any CPU.ActiveCfg = Debug|Any CPU
		{AD6D3DF6-64D7-40F6-8F89-181129D684F5}.Debug|Any CPU.Build.0 = Debug|Any CPU
		{AD6D3DF6-64D7-40F6-8F89-181129D684F5}.Release|Any CPU.ActiveCfg = Release|Any CPU
		{AD6D3DF6-64D7-40F6-8F89-181129D684F5}.Release|Any CPU.Build.0 = Release|Any CPU
		{6FCD9BE9-B09A-4A4C-A925-FE8CCAC49567}.Debug|Any CPU.ActiveCfg = Debug|Any CPU
		{6FCD9BE9-B09A-4A4C-A925-FE8CCAC49567}.Debug|Any CPU.Build.0 = Debug|Any CPU
		{6FCD9BE9-B09A-4A4C-A925-FE8CCAC49567}.Release|Any CPU.ActiveCfg = Release|Any CPU
		{6FCD9BE9-B09A-4A4C-A925-FE8CCAC49567}.Release|Any CPU.Build.0 = Release|Any CPU
		{D0A074F3-02DC-448F-9144-B21ACE21F933}.Debug|Any CPU.ActiveCfg = Debug|Any CPU
		{D0A074F3-02DC-448F-9144-B21ACE21F933}.Debug|Any CPU.Build.0 = Debug|Any CPU
		{D0A074F3-02DC-448F-9144-B21ACE21F933}.Release|Any CPU.ActiveCfg = Release|Any CPU
		{D0A074F3-02DC-448F-9144-B21ACE21F933}.Release|Any CPU.Build.0 = Release|Any CPU
	EndGlobalSection
	GlobalSection(SolutionProperties) = preSolution
		HideSolutionNode = FALSE
	EndGlobalSection
	GlobalSection(NestedProjects) = preSolution
		{DFF5A4F0-DDB5-4B72-B13C-2A62694C8B7F} = {98B26FFF-5B79-40E1-916D-391470E2D088}
		{32137392-944F-4324-A763-84EB99066D16} = {98B26FFF-5B79-40E1-916D-391470E2D088}
		{96F41DC3-E8B6-4983-9CED-0CA8D51773E3} = {98B26FFF-5B79-40E1-916D-391470E2D088}
		{28C3B1C9-2605-453B-BF0F-45037D745071} = {98B26FFF-5B79-40E1-916D-391470E2D088}
		{FA7B8241-D6B4-4E23-9C39-438DA47425AF} = {98B26FFF-5B79-40E1-916D-391470E2D088}
		{AD6D3DF6-64D7-40F6-8F89-181129D684F5} = {98B26FFF-5B79-40E1-916D-391470E2D088}
		{6FCD9BE9-B09A-4A4C-A925-FE8CCAC49567} = {C4685F11-0F95-472F-9D65-F1259059D3BB}
		{D0A074F3-02DC-448F-9144-B21ACE21F933} = {C4685F11-0F95-472F-9D65-F1259059D3BB}
	EndGlobalSection
	GlobalSection(ExtensibilityGlobals) = postSolution
		SolutionGuid = {9759EADE-1C59-427E-AFEA-660420BD4A55}
	EndGlobalSection
EndGlobal
